
Microsoft Visual Studio Solution File, Format Version 12.00
# Visual Studio Version 17
VisualStudioVersion = 17.3.32929.385
MinimumVisualStudioVersion = 10.0.40219.1
Project("{FAE04EC0-301F-11D3-BF4B-00C04F79EFBC}") = "CrazyRobotTest", "CrazyRobotTest\CrazyRobotTest.csproj", "{065D833A-6C82-4969-B46E-F4DD53FF6306}"
EndProject
Global
	GlobalSection(SolutionConfigurationPlatforms) = preSolution
		Debug|Any CPU = Debug|Any CPU
		Release|Any CPU = Release|Any CPU
	EndGlobalSection
	GlobalSection(ProjectConfigurationPlatforms) = postSolution
		{065D833A-6C82-4969-B46E-F4DD53FF6306}.Debug|Any CPU.ActiveCfg = Debug|Any CPU
		{065D833A-6C82-4969-B46E-F4DD53FF6306}.Debug|Any CPU.Build.0 = Debug|Any CPU
		{065D833A-6C82-4969-B46E-F4DD53FF6306}.Release|Any CPU.ActiveCfg = Release|Any CPU
		{065D833A-6C82-4969-B46E-F4DD53FF6306}.Release|Any CPU.Build.0 = Release|Any CPU
	EndGlobalSection
	GlobalSection(SolutionProperties) = preSolution
		HideSolutionNode = FALSE
	EndGlobalSection
	GlobalSection(ExtensibilityGlobals) = postSolution
		SolutionGuid = {2EDE5BA9-B14E-4D47-A521-3794E2B160F9}
	EndGlobalSection
EndGlobal
